
Microsoft Visual Studio Solution File, Format Version 12.00
# Visual Studio Version 17
VisualStudioVersion = 17.0.32014.148
MinimumVisualStudioVersion = 10.0.40219.1
Project("{9A19103F-16F7-4668-BE54-9A1E7A4F7556}") = "Task10", "Task10\Task10.csproj", "{2BCDFBCC-DB13-457A-B200-26595011B80A}"
EndProject
Project("{8BC9CEB8-8B4A-11D0-8D11-00A0C91BC942}") = "Wrapper", "Wrapper\Wrapper.vcxproj", "{BF218F72-FF13-44A9-A525-635704732ED3}"
EndProject
Project("{8BC9CEB8-8B4A-11D0-8D11-00A0C91BC942}") = "CORE_API", "final_core\build\src\CORE_API.vcxproj", "{1AC007C2-97AA-3711-B525-418CE00B69E9}"
EndProject
Global
	GlobalSection(SolutionConfigurationPlatforms) = preSolution
		Debug|Any CPU = Debug|Any CPU
		Debug|x64 = Debug|x64
		Debug|x86 = Debug|x86
		MinSizeRel|Any CPU = MinSizeRel|Any CPU
		MinSizeRel|x64 = MinSizeRel|x64
		MinSizeRel|x86 = MinSizeRel|x86
		Release|Any CPU = Release|Any CPU
		Release|x64 = Release|x64
		Release|x86 = Release|x86
		RelWithDebInfo|Any CPU = RelWithDebInfo|Any CPU
		RelWithDebInfo|x64 = RelWithDebInfo|x64
		RelWithDebInfo|x86 = RelWithDebInfo|x86
	EndGlobalSection
	GlobalSection(ProjectConfigurationPlatforms) = postSolution
		{2BCDFBCC-DB13-457A-B200-26595011B80A}.Debug|Any CPU.ActiveCfg = Debug|Any CPU
		{2BCDFBCC-DB13-457A-B200-26595011B80A}.Debug|Any CPU.Build.0 = Debug|Any CPU
		{2BCDFBCC-DB13-457A-B200-26595011B80A}.Debug|x64.ActiveCfg = Debug|Any CPU
		{2BCDFBCC-DB13-457A-B200-26595011B80A}.Debug|x64.Build.0 = Debug|Any CPU
		{2BCDFBCC-DB13-457A-B200-26595011B80A}.Debug|x86.ActiveCfg = Debug|Any CPU
		{2BCDFBCC-DB13-457A-B200-26595011B80A}.Debug|x86.Build.0 = Debug|Any CPU
		{2BCDFBCC-DB13-457A-B200-26595011B80A}.MinSizeRel|Any CPU.ActiveCfg = Release|Any CPU
		{2BCDFBCC-DB13-457A-B200-26595011B80A}.MinSizeRel|Any CPU.Build.0 = Release|Any CPU
		{2BCDFBCC-DB13-457A-B200-26595011B80A}.MinSizeRel|x64.ActiveCfg = Release|Any CPU
		{2BCDFBCC-DB13-457A-B200-26595011B80A}.MinSizeRel|x64.Build.0 = Release|Any CPU
		{2BCDFBCC-DB13-457A-B200-26595011B80A}.MinSizeRel|x86.ActiveCfg = Release|Any CPU
		{2BCDFBCC-DB13-457A-B200-26595011B80A}.MinSizeRel|x86.Build.0 = Release|Any CPU
		{2BCDFBCC-DB13-457A-B200-26595011B80A}.Release|Any CPU.ActiveCfg = Release|Any CPU
		{2BCDFBCC-DB13-457A-B200-26595011B80A}.Release|Any CPU.Build.0 = Release|Any CPU
		{2BCDFBCC-DB13-457A-B200-26595011B80A}.Release|x64.ActiveCfg = Release|Any CPU
		{2BCDFBCC-DB13-457A-B200-26595011B80A}.Release|x64.Build.0 = Release|Any CPU
		{2BCDFBCC-DB13-457A-B200-26595011B80A}.Release|x86.ActiveCfg = Release|Any CPU
		{2BCDFBCC-DB13-457A-B200-26595011B80A}.Release|x86.Build.0 = Release|Any CPU
		{2BCDFBCC-DB13-457A-B200-26595011B80A}.RelWithDebInfo|Any CPU.ActiveCfg = Release|Any CPU
		{2BCDFBCC-DB13-457A-B200-26595011B80A}.RelWithDebInfo|Any CPU.Build.0 = Release|Any CPU
		{2BCDFBCC-DB13-457A-B200-26595011B80A}.RelWithDebInfo|x64.ActiveCfg = Release|Any CPU
		{2BCDFBCC-DB13-457A-B200-26595011B80A}.RelWithDebInfo|x64.Build.0 = Release|Any CPU
		{2BCDFBCC-DB13-457A-B200-26595011B80A}.RelWithDebInfo|x86.ActiveCfg = Release|Any CPU
		{2BCDFBCC-DB13-457A-B200-26595011B80A}.RelWithDebInfo|x86.Build.0 = Release|Any CPU
		{BF218F72-FF13-44A9-A525-635704732ED3}.Debug|Any CPU.ActiveCfg = Debug|x64
		{BF218F72-FF13-44A9-A525-635704732ED3}.Debug|Any CPU.Build.0 = Debug|x64
		{BF218F72-FF13-44A9-A525-635704732ED3}.Debug|x64.ActiveCfg = Debug|x64
		{BF218F72-FF13-44A9-A525-635704732ED3}.Debug|x64.Build.0 = Debug|x64
		{BF218F72-FF13-44A9-A525-635704732ED3}.Debug|x86.ActiveCfg = Debug|Win32
		{BF218F72-FF13-44A9-A525-635704732ED3}.Debug|x86.Build.0 = Debug|Win32
		{BF218F72-FF13-44A9-A525-635704732ED3}.MinSizeRel|Any CPU.ActiveCfg = Debug|Win32
		{BF218F72-FF13-44A9-A525-635704732ED3}.MinSizeRel|Any CPU.Build.0 = Debug|Win32
		{BF218F72-FF13-44A9-A525-635704732ED3}.MinSizeRel|x64.ActiveCfg = Debug|x64
		{BF218F72-FF13-44A9-A525-635704732ED3}.MinSizeRel|x64.Build.0 = Debug|x64
		{BF218F72-FF13-44A9-A525-635704732ED3}.MinSizeRel|x86.ActiveCfg = Debug|Win32
		{BF218F72-FF13-44A9-A525-635704732ED3}.MinSizeRel|x86.Build.0 = Debug|Win32
		{BF218F72-FF13-44A9-A525-635704732ED3}.Release|Any CPU.ActiveCfg = Release|x64
		{BF218F72-FF13-44A9-A525-635704732ED3}.Release|Any CPU.Build.0 = Release|x64
		{BF218F72-FF13-44A9-A525-635704732ED3}.Release|x64.ActiveCfg = Release|x64
		{BF218F72-FF13-44A9-A525-635704732ED3}.Release|x64.Build.0 = Release|x64
		{BF218F72-FF13-44A9-A525-635704732ED3}.Release|x86.ActiveCfg = Release|Win32
		{BF218F72-FF13-44A9-A525-635704732ED3}.Release|x86.Build.0 = Release|Win32
		{BF218F72-FF13-44A9-A525-635704732ED3}.RelWithDebInfo|Any CPU.ActiveCfg = Debug|Win32
		{BF218F72-FF13-44A9-A525-635704732ED3}.RelWithDebInfo|Any CPU.Build.0 = Debug|Win32
		{BF218F72-FF13-44A9-A525-635704732ED3}.RelWithDebInfo|x64.ActiveCfg = Release|x64
		{BF218F72-FF13-44A9-A525-635704732ED3}.RelWithDebInfo|x64.Build.0 = Release|x64
		{BF218F72-FF13-44A9-A525-635704732ED3}.RelWithDebInfo|x86.ActiveCfg = Release|Win32
		{BF218F72-FF13-44A9-A525-635704732ED3}.RelWithDebInfo|x86.Build.0 = Release|Win32
		{1AC007C2-97AA-3711-B525-418CE00B69E9}.Debug|Any CPU.ActiveCfg = Debug|x64
		{1AC007C2-97AA-3711-B525-418CE00B69E9}.Debug|Any CPU.Build.0 = Debug|x64
		{1AC007C2-97AA-3711-B525-418CE00B69E9}.Debug|x64.ActiveCfg = Debug|x64
		{1AC007C2-97AA-3711-B525-418CE00B69E9}.Debug|x64.Build.0 = Debug|x64
		{1AC007C2-97AA-3711-B525-418CE00B69E9}.Debug|x86.ActiveCfg = Debug|x64
		{1AC007C2-97AA-3711-B525-418CE00B69E9}.Debug|x86.Build.0 = Debug|x64
		{1AC007C2-97AA-3711-B525-418CE00B69E9}.MinSizeRel|Any CPU.ActiveCfg = MinSizeRel|x64
		{1AC007C2-97AA-3711-B525-418CE00B69E9}.MinSizeRel|Any CPU.Build.0 = MinSizeRel|x64
		{1AC007C2-97AA-3711-B525-418CE00B69E9}.MinSizeRel|x64.ActiveCfg = MinSizeRel|x64
		{1AC007C2-97AA-3711-B525-418CE00B69E9}.MinSizeRel|x64.Build.0 = MinSizeRel|x64
		{1AC007C2-97AA-3711-B525-418CE00B69E9}.MinSizeRel|x86.ActiveCfg = MinSizeRel|x64
		{1AC007C2-97AA-3711-B525-418CE00B69E9}.MinSizeRel|x86.Build.0 = MinSizeRel|x64
		{1AC007C2-97AA-3711-B525-418CE00B69E9}.Release|Any CPU.ActiveCfg = Release|x64
		{1AC007C2-97AA-3711-B525-418CE00B69E9}.Release|Any CPU.Build.0 = Release|x64
		{1AC007C2-97AA-3711-B525-418CE00B69E9}.Release|x64.ActiveCfg = Release|x64
		{1AC007C2-97AA-3711-B525-418CE00B69E9}.Release|x64.Build.0 = Release|x64
		{1AC007C2-97AA-3711-B525-418CE00B69E9}.Release|x86.ActiveCfg = Release|x64
		{1AC007C2-97AA-3711-B525-418CE00B69E9}.Release|x86.Build.0 = Release|x64
		{1AC007C2-97AA-3711-B525-418CE00B69E9}.RelWithDebInfo|Any CPU.ActiveCfg = RelWithDebInfo|x64
		{1AC007C2-97AA-3711-B525-418CE00B69E9}.RelWithDebInfo|Any CPU.Build.0 = RelWithDebInfo|x64
		{1AC007C2-97AA-3711-B525-418CE00B69E9}.RelWithDebInfo|x64.ActiveCfg = RelWithDebInfo|x64
		{1AC007C2-97AA-3711-B525-418CE00B69E9}.RelWithDebInfo|x64.Build.0 = RelWithDebInfo|x64
		{1AC007C2-97AA-3711-B525-418CE00B69E9}.RelWithDebInfo|x86.ActiveCfg = RelWithDebInfo|x64
		{1AC007C2-97AA-3711-B525-418CE00B69E9}.RelWithDebInfo|x86.Build.0 = RelWithDebInfo|x64
	EndGlobalSection
	GlobalSection(SolutionProperties) = preSolution
		HideSolutionNode = FALSE
	EndGlobalSection
	GlobalSection(ExtensibilityGlobals) = postSolution
		SolutionGuid = {4A8EFE26-6B76-4B67-8E29-1B5B1BB4B66B}
	EndGlobalSection
EndGlobal
